
Microsoft Visual Studio Solution File, Format Version 12.00
# Visual Studio 2012
Project("{FAE04EC0-301F-11D3-BF4B-00C04F79EFBC}") = "TrelloAppMVC", "TrelloAppMVC.csproj", "{94A6F29D-3D70-4B47-A02B-803792E42282}"
EndProject
Global
	GlobalSection(SolutionConfigurationPlatforms) = preSolution
		Debug|Any CPU = Debug|Any CPU
		Release|Any CPU = Release|Any CPU
	EndGlobalSection
	GlobalSection(ProjectConfigurationPlatforms) = postSolution
		{94A6F29D-3D70-4B47-A02B-803792E42282}.Debug|Any CPU.ActiveCfg = Debug|Any CPU
		{94A6F29D-3D70-4B47-A02B-803792E42282}.Debug|Any CPU.Build.0 = Debug|Any CPU
		{94A6F29D-3D70-4B47-A02B-803792E42282}.Release|Any CPU.ActiveCfg = Release|Any CPU
		{94A6F29D-3D70-4B47-A02B-803792E42282}.Release|Any CPU.Build.0 = Release|Any CPU
	EndGlobalSection
	GlobalSection(SolutionProperties) = preSolution
		HideSolutionNode = FALSE
	EndGlobalSection
EndGlobal
